
Microsoft Visual Studio Solution File, Format Version 12.00
# Visual Studio 15
Project("{FAE04EC0-301F-11D3-BF4B-00C04F79EFBC}") = "Assembly-CSharp", "Assembly-CSharp.csproj", "{715ACF7A-C2B5-22B9-0D89-A9A46A2790BD}"
EndProject
Global
	GlobalSection(SolutionConfigurationPlatforms) = preSolution
		Debug|Any CPU = Debug|Any CPU
		Release|Any CPU = Release|Any CPU
	EndGlobalSection
	GlobalSection(ProjectConfigurationPlatforms) = postSolution
		{715ACF7A-C2B5-22B9-0D89-A9A46A2790BD}.Debug|Any CPU.ActiveCfg = Debug|Any CPU
		{715ACF7A-C2B5-22B9-0D89-A9A46A2790BD}.Debug|Any CPU.Build.0 = Debug|Any CPU
		{715ACF7A-C2B5-22B9-0D89-A9A46A2790BD}.Release|Any CPU.ActiveCfg = Release|Any CPU
		{715ACF7A-C2B5-22B9-0D89-A9A46A2790BD}.Release|Any CPU.Build.0 = Release|Any CPU
	EndGlobalSection
	GlobalSection(SolutionProperties) = preSolution
		HideSolutionNode = FALSE
	EndGlobalSection
EndGlobal
